
Microsoft Visual Studio Solution File, Format Version 12.00
# Visual Studio Version 17
VisualStudioVersion = 17.3.32804.467
MinimumVisualStudioVersion = 10.0.40219.1
Project("{FAE04EC0-301F-11D3-BF4B-00C04F79EFBC}") = "Média 3 - BEE1040", "Média 3 - BEE1040\Média 3 - BEE1040.csproj", "{D357864C-7E91-480A-A6FE-55DB230B18ED}"
EndProject
Global
	GlobalSection(SolutionConfigurationPlatforms) = preSolution
		Debug|Any CPU = Debug|Any CPU
		Release|Any CPU = Release|Any CPU
	EndGlobalSection
	GlobalSection(ProjectConfigurationPlatforms) = postSolution
		{D357864C-7E91-480A-A6FE-55DB230B18ED}.Debug|Any CPU.ActiveCfg = Debug|Any CPU
		{D357864C-7E91-480A-A6FE-55DB230B18ED}.Debug|Any CPU.Build.0 = Debug|Any CPU
		{D357864C-7E91-480A-A6FE-55DB230B18ED}.Release|Any CPU.ActiveCfg = Release|Any CPU
		{D357864C-7E91-480A-A6FE-55DB230B18ED}.Release|Any CPU.Build.0 = Release|Any CPU
	EndGlobalSection
	GlobalSection(SolutionProperties) = preSolution
		HideSolutionNode = FALSE
	EndGlobalSection
	GlobalSection(ExtensibilityGlobals) = postSolution
		SolutionGuid = {EF055FAB-67AE-405A-9D79-AB9DA458AE4A}
	EndGlobalSection
EndGlobal
