
Microsoft Visual Studio Solution File, Format Version 12.00
# Visual Studio Version 17
VisualStudioVersion = 17.3.32804.467
MinimumVisualStudioVersion = 10.0.40219.1
Project("{FAE04EC0-301F-11D3-BF4B-00C04F79EFBC}") = "Numeros Impares - BEE1067", "Numeros Impares - BEE1067\Numeros Impares - BEE1067.csproj", "{2C425A4A-369C-498F-8C4C-8DCD3A3173D2}"
EndProject
Global
	GlobalSection(SolutionConfigurationPlatforms) = preSolution
		Debug|Any CPU = Debug|Any CPU
		Release|Any CPU = Release|Any CPU
	EndGlobalSection
	GlobalSection(ProjectConfigurationPlatforms) = postSolution
		{2C425A4A-369C-498F-8C4C-8DCD3A3173D2}.Debug|Any CPU.ActiveCfg = Debug|Any CPU
		{2C425A4A-369C-498F-8C4C-8DCD3A3173D2}.Debug|Any CPU.Build.0 = Debug|Any CPU
		{2C425A4A-369C-498F-8C4C-8DCD3A3173D2}.Release|Any CPU.ActiveCfg = Release|Any CPU
		{2C425A4A-369C-498F-8C4C-8DCD3A3173D2}.Release|Any CPU.Build.0 = Release|Any CPU
	EndGlobalSection
	GlobalSection(SolutionProperties) = preSolution
		HideSolutionNode = FALSE
	EndGlobalSection
	GlobalSection(ExtensibilityGlobals) = postSolution
		SolutionGuid = {A65B1874-A2F6-4C4C-8AE7-D64CFF96956F}
	EndGlobalSection
EndGlobal
