
Microsoft Visual Studio Solution File, Format Version 12.00
# Visual Studio Version 17
VisualStudioVersion = 17.3.32804.467
MinimumVisualStudioVersion = 10.0.40219.1
Project("{FAE04EC0-301F-11D3-BF4B-00C04F79EFBC}") = "ExercicioProposto2", "ExercicioProposto2\ExercicioProposto2.csproj", "{DE75D94C-0183-40F2-8CB1-81139FA5B7B1}"
EndProject
Global
	GlobalSection(SolutionConfigurationPlatforms) = preSolution
		Debug|Any CPU = Debug|Any CPU
		Release|Any CPU = Release|Any CPU
	EndGlobalSection
	GlobalSection(ProjectConfigurationPlatforms) = postSolution
		{DE75D94C-0183-40F2-8CB1-81139FA5B7B1}.Debug|Any CPU.ActiveCfg = Debug|Any CPU
		{DE75D94C-0183-40F2-8CB1-81139FA5B7B1}.Debug|Any CPU.Build.0 = Debug|Any CPU
		{DE75D94C-0183-40F2-8CB1-81139FA5B7B1}.Release|Any CPU.ActiveCfg = Release|Any CPU
		{DE75D94C-0183-40F2-8CB1-81139FA5B7B1}.Release|Any CPU.Build.0 = Release|Any CPU
	EndGlobalSection
	GlobalSection(SolutionProperties) = preSolution
		HideSolutionNode = FALSE
	EndGlobalSection
	GlobalSection(ExtensibilityGlobals) = postSolution
		SolutionGuid = {15FC8449-6A20-408B-B379-17C0905644E7}
	EndGlobalSection
EndGlobal
