
Microsoft Visual Studio Solution File, Format Version 12.00
# Visual Studio Version 17
VisualStudioVersion = 17.3.32804.467
MinimumVisualStudioVersion = 10.0.40219.1
Project("{FAE04EC0-301F-11D3-BF4B-00C04F79EFBC}") = "Conversão de Tempo - BEE1019", "Conversão de Tempo - BEE1019\Conversão de Tempo - BEE1019.csproj", "{7BC448D5-CD16-4923-9ECB-D4530CF4BFB3}"
EndProject
Global
	GlobalSection(SolutionConfigurationPlatforms) = preSolution
		Debug|Any CPU = Debug|Any CPU
		Release|Any CPU = Release|Any CPU
	EndGlobalSection
	GlobalSection(ProjectConfigurationPlatforms) = postSolution
		{7BC448D5-CD16-4923-9ECB-D4530CF4BFB3}.Debug|Any CPU.ActiveCfg = Debug|Any CPU
		{7BC448D5-CD16-4923-9ECB-D4530CF4BFB3}.Debug|Any CPU.Build.0 = Debug|Any CPU
		{7BC448D5-CD16-4923-9ECB-D4530CF4BFB3}.Release|Any CPU.ActiveCfg = Release|Any CPU
		{7BC448D5-CD16-4923-9ECB-D4530CF4BFB3}.Release|Any CPU.Build.0 = Release|Any CPU
	EndGlobalSection
	GlobalSection(SolutionProperties) = preSolution
		HideSolutionNode = FALSE
	EndGlobalSection
	GlobalSection(ExtensibilityGlobals) = postSolution
		SolutionGuid = {DB428137-3A74-449B-8173-23938C3C567D}
	EndGlobalSection
EndGlobal
