
Microsoft Visual Studio Solution File, Format Version 12.00
# Visual Studio Version 17
VisualStudioVersion = 17.3.32804.467
MinimumVisualStudioVersion = 10.0.40219.1
Project("{FAE04EC0-301F-11D3-BF4B-00C04F79EFBC}") = "Notas e Moedas - BEE1021", "Notas e Moedas - BEE1021\Notas e Moedas - BEE1021.csproj", "{1141060B-1499-465C-A8AC-5A448A9EFD22}"
EndProject
Global
	GlobalSection(SolutionConfigurationPlatforms) = preSolution
		Debug|Any CPU = Debug|Any CPU
		Release|Any CPU = Release|Any CPU
	EndGlobalSection
	GlobalSection(ProjectConfigurationPlatforms) = postSolution
		{1141060B-1499-465C-A8AC-5A448A9EFD22}.Debug|Any CPU.ActiveCfg = Debug|Any CPU
		{1141060B-1499-465C-A8AC-5A448A9EFD22}.Debug|Any CPU.Build.0 = Debug|Any CPU
		{1141060B-1499-465C-A8AC-5A448A9EFD22}.Release|Any CPU.ActiveCfg = Release|Any CPU
		{1141060B-1499-465C-A8AC-5A448A9EFD22}.Release|Any CPU.Build.0 = Release|Any CPU
	EndGlobalSection
	GlobalSection(SolutionProperties) = preSolution
		HideSolutionNode = FALSE
	EndGlobalSection
	GlobalSection(ExtensibilityGlobals) = postSolution
		SolutionGuid = {AB65304E-ACA1-4779-8A9C-49C3A231780B}
	EndGlobalSection
EndGlobal
