
Microsoft Visual Studio Solution File, Format Version 12.00
# Visual Studio Version 17
VisualStudioVersion = 17.3.32804.467
MinimumVisualStudioVersion = 10.0.40219.1
Project("{FAE04EC0-301F-11D3-BF4B-00C04F79EFBC}") = "Sort Simples - BEE1042", "Sort Simples - BEE1042\Sort Simples - BEE1042.csproj", "{9E52D668-6E0A-4D4A-A73B-88A25E53BFD7}"
EndProject
Global
	GlobalSection(SolutionConfigurationPlatforms) = preSolution
		Debug|Any CPU = Debug|Any CPU
		Release|Any CPU = Release|Any CPU
	EndGlobalSection
	GlobalSection(ProjectConfigurationPlatforms) = postSolution
		{9E52D668-6E0A-4D4A-A73B-88A25E53BFD7}.Debug|Any CPU.ActiveCfg = Debug|Any CPU
		{9E52D668-6E0A-4D4A-A73B-88A25E53BFD7}.Debug|Any CPU.Build.0 = Debug|Any CPU
		{9E52D668-6E0A-4D4A-A73B-88A25E53BFD7}.Release|Any CPU.ActiveCfg = Release|Any CPU
		{9E52D668-6E0A-4D4A-A73B-88A25E53BFD7}.Release|Any CPU.Build.0 = Release|Any CPU
	EndGlobalSection
	GlobalSection(SolutionProperties) = preSolution
		HideSolutionNode = FALSE
	EndGlobalSection
	GlobalSection(ExtensibilityGlobals) = postSolution
		SolutionGuid = {8DB6EBA2-2980-49A5-8869-B8C89B4ACA1F}
	EndGlobalSection
EndGlobal
