
Microsoft Visual Studio Solution File, Format Version 12.00
# Visual Studio Version 17
VisualStudioVersion = 17.3.32804.467
MinimumVisualStudioVersion = 10.0.40219.1
Project("{FAE04EC0-301F-11D3-BF4B-00C04F79EFBC}") = "Estrutura Repeticao - Enquanto", "Estrutura Repeticao - Enquanto\Estrutura Repeticao - Enquanto.csproj", "{203AC26C-1D62-4D97-B76E-391B45BD2992}"
EndProject
Global
	GlobalSection(SolutionConfigurationPlatforms) = preSolution
		Debug|Any CPU = Debug|Any CPU
		Release|Any CPU = Release|Any CPU
	EndGlobalSection
	GlobalSection(ProjectConfigurationPlatforms) = postSolution
		{203AC26C-1D62-4D97-B76E-391B45BD2992}.Debug|Any CPU.ActiveCfg = Debug|Any CPU
		{203AC26C-1D62-4D97-B76E-391B45BD2992}.Debug|Any CPU.Build.0 = Debug|Any CPU
		{203AC26C-1D62-4D97-B76E-391B45BD2992}.Release|Any CPU.ActiveCfg = Release|Any CPU
		{203AC26C-1D62-4D97-B76E-391B45BD2992}.Release|Any CPU.Build.0 = Release|Any CPU
	EndGlobalSection
	GlobalSection(SolutionProperties) = preSolution
		HideSolutionNode = FALSE
	EndGlobalSection
	GlobalSection(ExtensibilityGlobals) = postSolution
		SolutionGuid = {B77E0FAC-53D1-43E8-8A6F-B1584E7570E6}
	EndGlobalSection
EndGlobal
