
Microsoft Visual Studio Solution File, Format Version 12.00
# Visual Studio Version 17
VisualStudioVersion = 17.3.32804.467
MinimumVisualStudioVersion = 10.0.40219.1
Project("{FAE04EC0-301F-11D3-BF4B-00C04F79EFBC}") = "Desafio Tempo do doby DIO Csharp", "Desafio Tempo do doby DIO Csharp\Desafio Tempo do doby DIO Csharp.csproj", "{79A33632-9409-4989-8E58-92FC710AEEFD}"
EndProject
Global
	GlobalSection(SolutionConfigurationPlatforms) = preSolution
		Debug|Any CPU = Debug|Any CPU
		Release|Any CPU = Release|Any CPU
	EndGlobalSection
	GlobalSection(ProjectConfigurationPlatforms) = postSolution
		{79A33632-9409-4989-8E58-92FC710AEEFD}.Debug|Any CPU.ActiveCfg = Debug|Any CPU
		{79A33632-9409-4989-8E58-92FC710AEEFD}.Debug|Any CPU.Build.0 = Debug|Any CPU
		{79A33632-9409-4989-8E58-92FC710AEEFD}.Release|Any CPU.ActiveCfg = Release|Any CPU
		{79A33632-9409-4989-8E58-92FC710AEEFD}.Release|Any CPU.Build.0 = Release|Any CPU
	EndGlobalSection
	GlobalSection(SolutionProperties) = preSolution
		HideSolutionNode = FALSE
	EndGlobalSection
	GlobalSection(ExtensibilityGlobals) = postSolution
		SolutionGuid = {8E5BDC2B-6753-469F-8DA4-05DAA29DAE73}
	EndGlobalSection
EndGlobal
