
Microsoft Visual Studio Solution File, Format Version 12.00
# Visual Studio Version 17
VisualStudioVersion = 17.3.32804.467
MinimumVisualStudioVersion = 10.0.40219.1
Project("{FAE04EC0-301F-11D3-BF4B-00C04F79EFBC}") = "I am Toorg - BEE2581", "I am Toorg - BEE2581\I am Toorg - BEE2581.csproj", "{C74E8409-2B03-419D-B467-8511A13FA836}"
EndProject
Global
	GlobalSection(SolutionConfigurationPlatforms) = preSolution
		Debug|Any CPU = Debug|Any CPU
		Release|Any CPU = Release|Any CPU
	EndGlobalSection
	GlobalSection(ProjectConfigurationPlatforms) = postSolution
		{C74E8409-2B03-419D-B467-8511A13FA836}.Debug|Any CPU.ActiveCfg = Debug|Any CPU
		{C74E8409-2B03-419D-B467-8511A13FA836}.Debug|Any CPU.Build.0 = Debug|Any CPU
		{C74E8409-2B03-419D-B467-8511A13FA836}.Release|Any CPU.ActiveCfg = Release|Any CPU
		{C74E8409-2B03-419D-B467-8511A13FA836}.Release|Any CPU.Build.0 = Release|Any CPU
	EndGlobalSection
	GlobalSection(SolutionProperties) = preSolution
		HideSolutionNode = FALSE
	EndGlobalSection
	GlobalSection(ExtensibilityGlobals) = postSolution
		SolutionGuid = {0C5116D0-913D-40C7-9405-68AB7B21EAE5}
	EndGlobalSection
EndGlobal
