
Microsoft Visual Studio Solution File, Format Version 12.00
# Visual Studio Version 17
VisualStudioVersion = 17.3.32804.467
MinimumVisualStudioVersion = 10.0.40219.1
Project("{FAE04EC0-301F-11D3-BF4B-00C04F79EFBC}") = "Avaliacao 3 - Estrutura Repetitiva", "Avaliacao 3 - Estrutura Repetitiva\Avaliacao 3 - Estrutura Repetitiva.csproj", "{7760EA78-BCCC-41E7-8F51-9E96A41EC2DB}"
EndProject
Global
	GlobalSection(SolutionConfigurationPlatforms) = preSolution
		Debug|Any CPU = Debug|Any CPU
		Release|Any CPU = Release|Any CPU
	EndGlobalSection
	GlobalSection(ProjectConfigurationPlatforms) = postSolution
		{7760EA78-BCCC-41E7-8F51-9E96A41EC2DB}.Debug|Any CPU.ActiveCfg = Debug|Any CPU
		{7760EA78-BCCC-41E7-8F51-9E96A41EC2DB}.Debug|Any CPU.Build.0 = Debug|Any CPU
		{7760EA78-BCCC-41E7-8F51-9E96A41EC2DB}.Release|Any CPU.ActiveCfg = Release|Any CPU
		{7760EA78-BCCC-41E7-8F51-9E96A41EC2DB}.Release|Any CPU.Build.0 = Release|Any CPU
	EndGlobalSection
	GlobalSection(SolutionProperties) = preSolution
		HideSolutionNode = FALSE
	EndGlobalSection
	GlobalSection(ExtensibilityGlobals) = postSolution
		SolutionGuid = {C8EA7E6F-DE98-4E25-8DA5-1FC8D5C48A3F}
	EndGlobalSection
EndGlobal
