
Microsoft Visual Studio Solution File, Format Version 12.00
# Visual Studio Version 17
VisualStudioVersion = 17.3.32804.467
MinimumVisualStudioVersion = 10.0.40219.1
Project("{FAE04EC0-301F-11D3-BF4B-00C04F79EFBC}") = "Triangulo - BEE1043", "Triangulo - BEE1043\Triangulo - BEE1043.csproj", "{D322E3F2-451D-4C8C-8FE4-66E7530B81FB}"
EndProject
Global
	GlobalSection(SolutionConfigurationPlatforms) = preSolution
		Debug|Any CPU = Debug|Any CPU
		Release|Any CPU = Release|Any CPU
	EndGlobalSection
	GlobalSection(ProjectConfigurationPlatforms) = postSolution
		{D322E3F2-451D-4C8C-8FE4-66E7530B81FB}.Debug|Any CPU.ActiveCfg = Debug|Any CPU
		{D322E3F2-451D-4C8C-8FE4-66E7530B81FB}.Debug|Any CPU.Build.0 = Debug|Any CPU
		{D322E3F2-451D-4C8C-8FE4-66E7530B81FB}.Release|Any CPU.ActiveCfg = Release|Any CPU
		{D322E3F2-451D-4C8C-8FE4-66E7530B81FB}.Release|Any CPU.Build.0 = Release|Any CPU
	EndGlobalSection
	GlobalSection(SolutionProperties) = preSolution
		HideSolutionNode = FALSE
	EndGlobalSection
	GlobalSection(ExtensibilityGlobals) = postSolution
		SolutionGuid = {9CC2029F-CA12-42C7-ACD5-FA1AAFFD38E5}
	EndGlobalSection
EndGlobal
