
Microsoft Visual Studio Solution File, Format Version 12.00
# Visual Studio Version 17
VisualStudioVersion = 17.3.32804.467
MinimumVisualStudioVersion = 10.0.40219.1
Project("{FAE04EC0-301F-11D3-BF4B-00C04F79EFBC}") = "Múltiplos - BEE1044", "Múltiplos - BEE1044\Múltiplos - BEE1044.csproj", "{92FEB8DC-9FBF-4EF8-AD1C-C480BB34FB04}"
EndProject
Global
	GlobalSection(SolutionConfigurationPlatforms) = preSolution
		Debug|Any CPU = Debug|Any CPU
		Release|Any CPU = Release|Any CPU
	EndGlobalSection
	GlobalSection(ProjectConfigurationPlatforms) = postSolution
		{92FEB8DC-9FBF-4EF8-AD1C-C480BB34FB04}.Debug|Any CPU.ActiveCfg = Debug|Any CPU
		{92FEB8DC-9FBF-4EF8-AD1C-C480BB34FB04}.Debug|Any CPU.Build.0 = Debug|Any CPU
		{92FEB8DC-9FBF-4EF8-AD1C-C480BB34FB04}.Release|Any CPU.ActiveCfg = Release|Any CPU
		{92FEB8DC-9FBF-4EF8-AD1C-C480BB34FB04}.Release|Any CPU.Build.0 = Release|Any CPU
	EndGlobalSection
	GlobalSection(SolutionProperties) = preSolution
		HideSolutionNode = FALSE
	EndGlobalSection
	GlobalSection(ExtensibilityGlobals) = postSolution
		SolutionGuid = {509506EA-49D0-4C89-9E08-AAA9BD166DD0}
	EndGlobalSection
EndGlobal
