
Microsoft Visual Studio Solution File, Format Version 12.00
# Visual Studio Version 17
VisualStudioVersion = 17.3.32804.467
MinimumVisualStudioVersion = 10.0.40219.1
Project("{FAE04EC0-301F-11D3-BF4B-00C04F79EFBC}") = "Quadrado de Pares - BEE1073", "Quadrado de Pares - BEE1073\Quadrado de Pares - BEE1073.csproj", "{F2B296D2-07D3-4E95-902E-CC9A08ABA43B}"
EndProject
Global
	GlobalSection(SolutionConfigurationPlatforms) = preSolution
		Debug|Any CPU = Debug|Any CPU
		Release|Any CPU = Release|Any CPU
	EndGlobalSection
	GlobalSection(ProjectConfigurationPlatforms) = postSolution
		{F2B296D2-07D3-4E95-902E-CC9A08ABA43B}.Debug|Any CPU.ActiveCfg = Debug|Any CPU
		{F2B296D2-07D3-4E95-902E-CC9A08ABA43B}.Debug|Any CPU.Build.0 = Debug|Any CPU
		{F2B296D2-07D3-4E95-902E-CC9A08ABA43B}.Release|Any CPU.ActiveCfg = Release|Any CPU
		{F2B296D2-07D3-4E95-902E-CC9A08ABA43B}.Release|Any CPU.Build.0 = Release|Any CPU
	EndGlobalSection
	GlobalSection(SolutionProperties) = preSolution
		HideSolutionNode = FALSE
	EndGlobalSection
	GlobalSection(ExtensibilityGlobals) = postSolution
		SolutionGuid = {0CF967D7-503F-4402-A2E3-0F87A6581DE6}
	EndGlobalSection
EndGlobal
