
Microsoft Visual Studio Solution File, Format Version 12.00
# Visual Studio Version 17
VisualStudioVersion = 17.3.32804.467
MinimumVisualStudioVersion = 10.0.40219.1
Project("{FAE04EC0-301F-11D3-BF4B-00C04F79EFBC}") = "Área do Círculo - BEE1002", "Área do Círculo - BEE1002\Área do Círculo - BEE1002.csproj", "{C99E9576-58C8-4A5B-9377-451F0A45461F}"
EndProject
Global
	GlobalSection(SolutionConfigurationPlatforms) = preSolution
		Debug|Any CPU = Debug|Any CPU
		Release|Any CPU = Release|Any CPU
	EndGlobalSection
	GlobalSection(ProjectConfigurationPlatforms) = postSolution
		{C99E9576-58C8-4A5B-9377-451F0A45461F}.Debug|Any CPU.ActiveCfg = Debug|Any CPU
		{C99E9576-58C8-4A5B-9377-451F0A45461F}.Debug|Any CPU.Build.0 = Debug|Any CPU
		{C99E9576-58C8-4A5B-9377-451F0A45461F}.Release|Any CPU.ActiveCfg = Release|Any CPU
		{C99E9576-58C8-4A5B-9377-451F0A45461F}.Release|Any CPU.Build.0 = Release|Any CPU
	EndGlobalSection
	GlobalSection(SolutionProperties) = preSolution
		HideSolutionNode = FALSE
	EndGlobalSection
	GlobalSection(ExtensibilityGlobals) = postSolution
		SolutionGuid = {0C9AA254-3C90-42FA-8039-62992CBBF25C}
	EndGlobalSection
EndGlobal
