
Microsoft Visual Studio Solution File, Format Version 12.00
# Visual Studio Version 17
VisualStudioVersion = 17.3.32804.467
MinimumVisualStudioVersion = 10.0.40219.1
Project("{FAE04EC0-301F-11D3-BF4B-00C04F79EFBC}") = "Sintaxe Opcional (Atribuição Cumulativa)", "Sintaxe Opcional (Atribuição Cumulativa)\Sintaxe Opcional (Atribuição Cumulativa).csproj", "{5D70B867-58D3-4A21-9B3B-8BDB9E0CD12F}"
EndProject
Global
	GlobalSection(SolutionConfigurationPlatforms) = preSolution
		Debug|Any CPU = Debug|Any CPU
		Release|Any CPU = Release|Any CPU
	EndGlobalSection
	GlobalSection(ProjectConfigurationPlatforms) = postSolution
		{5D70B867-58D3-4A21-9B3B-8BDB9E0CD12F}.Debug|Any CPU.ActiveCfg = Debug|Any CPU
		{5D70B867-58D3-4A21-9B3B-8BDB9E0CD12F}.Debug|Any CPU.Build.0 = Debug|Any CPU
		{5D70B867-58D3-4A21-9B3B-8BDB9E0CD12F}.Release|Any CPU.ActiveCfg = Release|Any CPU
		{5D70B867-58D3-4A21-9B3B-8BDB9E0CD12F}.Release|Any CPU.Build.0 = Release|Any CPU
	EndGlobalSection
	GlobalSection(SolutionProperties) = preSolution
		HideSolutionNode = FALSE
	EndGlobalSection
	GlobalSection(ExtensibilityGlobals) = postSolution
		SolutionGuid = {F1E97BAB-A4F5-41C5-A956-54C2B7A19C64}
	EndGlobalSection
EndGlobal
