
Microsoft Visual Studio Solution File, Format Version 12.00
# Visual Studio Version 17
VisualStudioVersion = 17.3.32804.467
MinimumVisualStudioVersion = 10.0.40219.1
Project("{FAE04EC0-301F-11D3-BF4B-00C04F79EFBC}") = "Lanche - BEE1038", "Lanche - BEE1038\Lanche - BEE1038.csproj", "{56C0D3D7-655A-41A7-8C1B-D1EC4C968363}"
EndProject
Global
	GlobalSection(SolutionConfigurationPlatforms) = preSolution
		Debug|Any CPU = Debug|Any CPU
		Release|Any CPU = Release|Any CPU
	EndGlobalSection
	GlobalSection(ProjectConfigurationPlatforms) = postSolution
		{56C0D3D7-655A-41A7-8C1B-D1EC4C968363}.Debug|Any CPU.ActiveCfg = Debug|Any CPU
		{56C0D3D7-655A-41A7-8C1B-D1EC4C968363}.Debug|Any CPU.Build.0 = Debug|Any CPU
		{56C0D3D7-655A-41A7-8C1B-D1EC4C968363}.Release|Any CPU.ActiveCfg = Release|Any CPU
		{56C0D3D7-655A-41A7-8C1B-D1EC4C968363}.Release|Any CPU.Build.0 = Release|Any CPU
	EndGlobalSection
	GlobalSection(SolutionProperties) = preSolution
		HideSolutionNode = FALSE
	EndGlobalSection
	GlobalSection(ExtensibilityGlobals) = postSolution
		SolutionGuid = {69A16AA8-8E58-4564-BDCE-570667C20153}
	EndGlobalSection
EndGlobal
