
Microsoft Visual Studio Solution File, Format Version 12.00
# Visual Studio Version 17
VisualStudioVersion = 17.3.32804.467
MinimumVisualStudioVersion = 10.0.40219.1
Project("{FAE04EC0-301F-11D3-BF4B-00C04F79EFBC}") = "Distância - BEE1016", "Distância - BEE1016\Distância - BEE1016.csproj", "{BA195797-27E2-45B1-81F0-5D6E45959279}"
EndProject
Global
	GlobalSection(SolutionConfigurationPlatforms) = preSolution
		Debug|Any CPU = Debug|Any CPU
		Release|Any CPU = Release|Any CPU
	EndGlobalSection
	GlobalSection(ProjectConfigurationPlatforms) = postSolution
		{BA195797-27E2-45B1-81F0-5D6E45959279}.Debug|Any CPU.ActiveCfg = Debug|Any CPU
		{BA195797-27E2-45B1-81F0-5D6E45959279}.Debug|Any CPU.Build.0 = Debug|Any CPU
		{BA195797-27E2-45B1-81F0-5D6E45959279}.Release|Any CPU.ActiveCfg = Release|Any CPU
		{BA195797-27E2-45B1-81F0-5D6E45959279}.Release|Any CPU.Build.0 = Release|Any CPU
	EndGlobalSection
	GlobalSection(SolutionProperties) = preSolution
		HideSolutionNode = FALSE
	EndGlobalSection
	GlobalSection(ExtensibilityGlobals) = postSolution
		SolutionGuid = {A363E593-FFC2-4A31-A13E-B0E3BA417B74}
	EndGlobalSection
EndGlobal
